
Microsoft Visual Studio Solution File, Format Version 12.00
# Visual Studio Version 17
VisualStudioVersion = 17.10.35004.147
MinimumVisualStudioVersion = 10.0.40219.1
Project("{FAE04EC0-301F-11D3-BF4B-00C04F79EFBC}") = "SecondHand", "SecondHand\SecondHand.csproj", "{8D1EAEE8-9DBD-4E62-A16D-682E3BC7BC7C}"
EndProject
Global
	GlobalSection(SolutionConfigurationPlatforms) = preSolution
		Debug|Any CPU = Debug|Any CPU
		Release|Any CPU = Release|Any CPU
	EndGlobalSection
	GlobalSection(ProjectConfigurationPlatforms) = postSolution
		{8D1EAEE8-9DBD-4E62-A16D-682E3BC7BC7C}.Debug|Any CPU.ActiveCfg = Debug|Any CPU
		{8D1EAEE8-9DBD-4E62-A16D-682E3BC7BC7C}.Debug|Any CPU.Build.0 = Debug|Any CPU
		{8D1EAEE8-9DBD-4E62-A16D-682E3BC7BC7C}.Release|Any CPU.ActiveCfg = Release|Any CPU
		{8D1EAEE8-9DBD-4E62-A16D-682E3BC7BC7C}.Release|Any CPU.Build.0 = Release|Any CPU
	EndGlobalSection
	GlobalSection(SolutionProperties) = preSolution
		HideSolutionNode = FALSE
	EndGlobalSection
	GlobalSection(ExtensibilityGlobals) = postSolution
		SolutionGuid = {C5B12F36-676E-4119-A876-269666636E37}
	EndGlobalSection
EndGlobal
